// !$*UTF8*$!
{
	archiveVersion = 1;
	classes = {
	};
	objectVersion = 56;
	objects = {

/* Begin PBXBuildFile section */
		4AF5C9412CDDA53E0066F7CF /* AppDelegate.swift in Sources */ = {isa = PBXBuildFile; fileRef = 4AF5C9402CDDA53E0066F7CF /* AppDelegate.swift */; };
		4AF5C9432CDDA53E0066F7CF /* SceneDelegate.swift in Sources */ = {isa = PBXBuildFile; fileRef = 4AF5C9422CDDA53E0066F7CF /* SceneDelegate.swift */; };
		4AF5C9482CDDA53E0066F7CF /* Base in Resources */ = {isa = PBXBuildFile; fileRef = 4AF5C9472CDDA53E0066F7CF /* Base */; };
		4AF5C94A2CDDA5400066F7CF /* Assets.xcassets in Resources */ = {isa = PBXBuildFile; fileRef = 4AF5C9492CDDA5400066F7CF /* Assets.xcassets */; };
		4AF5C94D2CDDA5400066F7CF /* Base in Resources */ = {isa = PBXBuildFile; fileRef = 4AF5C94C2CDDA5400066F7CF /* Base */; };
		4AF5C9552CDDA81F0066F7CF /* TableViewController.swift in Sources */ = {isa = PBXBuildFile; fileRef = 4AF5C9542CDDA81F0066F7CF /* TableViewController.swift */; };
		4AF5C95B2CDDA8A30066F7CF /* DetailViewController.swift in Sources */ = {isa = PBXBuildFile; fileRef = 4AF5C95A2CDDA8A30066F7CF /* DetailViewController.swift */; };
		4AF5C95D2CDDA8AF0066F7CF /* AddViewController.swift in Sources */ = {isa = PBXBuildFile; fileRef = 4AF5C95C2CDDA8AF0066F7CF /* AddViewController.swift */; };
		4AF5C9612CDDAA8E0066F7CF /* cart.png in Resources */ = {isa = PBXBuildFile; fileRef = 4AF5C95E2CDDAA8E0066F7CF /* cart.png */; };
		4AF5C9622CDDAA8E0066F7CF /* pencil.png in Resources */ = {isa = PBXBuildFile; fileRef = 4AF5C95F2CDDAA8E0066F7CF /* pencil.png */; };
		4AF5C9632CDDAA8E0066F7CF /* clock.png in Resources */ = {isa = PBXBuildFile; fileRef = 4AF5C9602CDDAA8E0066F7CF /* clock.png */; };
/* End PBXBuildFile section */

/* Begin PBXFileReference section */
		4AF5C93D2CDDA53E0066F7CF /* Table.app */ = {isa = PBXFileReference; explicitFileType = wrapper.application; includeInIndex = 0; path = Table.app; sourceTree = BUILT_PRODUCTS_DIR; };
		4AF5C9402CDDA53E0066F7CF /* AppDelegate.swift */ = {isa = PBXFileReference; lastKnownFileType = sourcecode.swift; path = AppDelegate.swift; sourceTree = "<group>"; };
		4AF5C9422CDDA53E0066F7CF /* SceneDelegate.swift */ = {isa = PBXFileReference; lastKnownFileType = sourcecode.swift; path = SceneDelegate.swift; sourceTree = "<group>"; };
		4AF5C9472CDDA53E0066F7CF /* Base */ = {isa = PBXFileReference; lastKnownFileType = file.storyboard; name = Base; path = Base.lproj/Main.storyboard; sourceTree = "<group>"; };
		4AF5C9492CDDA5400066F7CF /* Assets.xcassets */ = {isa = PBXFileReference; lastKnownFileType = folder.assetcatalog; path = Assets.xcassets; sourceTree = "<group>"; };
		4AF5C94C2CDDA5400066F7CF /* Base */ = {isa = PBXFileReference; lastKnownFileType = file.storyboard; name = Base; path = Base.lproj/LaunchScreen.storyboard; sourceTree = "<group>"; };
		4AF5C94E2CDDA5400066F7CF /* Info.plist */ = {isa = PBXFileReference; lastKnownFileType = text.plist.xml; path = Info.plist; sourceTree = "<group>"; };
		4AF5C9542CDDA81F0066F7CF /* TableViewController.swift */ = {isa = PBXFileReference; lastKnownFileType = sourcecode.swift; path = TableViewController.swift; sourceTree = "<group>"; };
		4AF5C95A2CDDA8A30066F7CF /* DetailViewController.swift */ = {isa = PBXFileReference; lastKnownFileType = sourcecode.swift; path = DetailViewController.swift; sourceTree = "<group>"; };
		4AF5C95C2CDDA8AF0066F7CF /* AddViewController.swift */ = {isa = PBXFileReference; lastKnownFileType = sourcecode.swift; path = AddViewController.swift; sourceTree = "<group>"; };
		4AF5C95E2CDDAA8E0066F7CF /* cart.png */ = {isa = PBXFileReference; lastKnownFileType = image.png; name = cart.png; path = "../../../../../Downloads/12장실습이미지 (1)/cart.png"; sourceTree = "<group>"; };
		4AF5C95F2CDDAA8E0066F7CF /* pencil.png */ = {isa = PBXFileReference; lastKnownFileType = image.png; name = pencil.png; path = "../../../../../Downloads/12장실습이미지 (1)/pencil.png"; sourceTree = "<group>"; };
		4AF5C9602CDDAA8E0066F7CF /* clock.png */ = {isa = PBXFileReference; lastKnownFileType = image.png; name = clock.png; path = "../../../../../Downloads/12장실습이미지 (1)/clock.png"; sourceTree = "<group>"; };
/* End PBXFileReference section */

/* Begin PBXFrameworksBuildPhase section */
		4AF5C93A2CDDA53E0066F7CF /* Frameworks */ = {
			isa = PBXFrameworksBuildPhase;
			buildActionMask = 2147483647;
			files = (
			);
			runOnlyForDeploymentPostprocessing = 0;
		};
/* End PBXFrameworksBuildPhase section */

/* Begin PBXGroup section */
		4AF5C9342CDDA53E0066F7CF = {
			isa = PBXGroup;
			children = (
				4AF5C93F2CDDA53E0066F7CF /* Table */,
				4AF5C93E2CDDA53E0066F7CF /* Products */,
			);
			sourceTree = "<group>";
		};
		4AF5C93E2CDDA53E0066F7CF /* Products */ = {
			isa = PBXGroup;
			children = (
				4AF5C93D2CDDA53E0066F7CF /* Table.app */,
			);
			name = Products;
			sourceTree = "<group>";
		};
		4AF5C93F2CDDA53E0066F7CF /* Table */ = {
			isa = PBXGroup;
			children = (
				4AF5C95E2CDDAA8E0066F7CF /* cart.png */,
				4AF5C9602CDDAA8E0066F7CF /* clock.png */,
				4AF5C95F2CDDAA8E0066F7CF /* pencil.png */,
				4AF5C9402CDDA53E0066F7CF /* AppDelegate.swift */,
				4AF5C95C2CDDA8AF0066F7CF /* AddViewController.swift */,
				4AF5C95A2CDDA8A30066F7CF /* DetailViewController.swift */,
				4AF5C9542CDDA81F0066F7CF /* TableViewController.swift */,
				4AF5C9422CDDA53E0066F7CF /* SceneDelegate.swift */,
				4AF5C9462CDDA53E0066F7CF /* Main.storyboard */,
				4AF5C9492CDDA5400066F7CF /* Assets.xcassets */,
				4AF5C94B2CDDA5400066F7CF /* LaunchScreen.storyboard */,
				4AF5C94E2CDDA5400066F7CF /* Info.plist */,
			);
			path = Table;
			sourceTree = "<group>";
		};
/* End PBXGroup section */

/* Begin PBXNativeTarget section */
		4AF5C93C2CDDA53E0066F7CF /* Table */ = {
			isa = PBXNativeTarget;
			buildConfigurationList = 4AF5C9512CDDA5400066F7CF /* Build configuration list for PBXNativeTarget "Table" */;
			buildPhases = (
				4AF5C9392CDDA53E0066F7CF /* Sources */,
				4AF5C93A2CDDA53E0066F7CF /* Frameworks */,
				4AF5C93B2CDDA53E0066F7CF /* Resources */,
			);
			buildRules = (
			);
			dependencies = (
			);
			name = Table;
			productName = Table;
			productReference = 4AF5C93D2CDDA53E0066F7CF /* Table.app */;
			productType = "com.apple.product-type.application";
		};
/* End PBXNativeTarget section */

/* Begin PBXProject section */
		4AF5C9352CDDA53E0066F7CF /* Project object */ = {
			isa = PBXProject;
			attributes = {
				BuildIndependentTargetsInParallel = 1;
				LastSwiftUpdateCheck = 1540;
				LastUpgradeCheck = 1540;
				TargetAttributes = {
					4AF5C93C2CDDA53E0066F7CF = {
						CreatedOnToolsVersion = 15.4;
					};
				};
			};
			buildConfigurationList = 4AF5C9382CDDA53E0066F7CF /* Build configuration list for PBXProject "Table" */;
			compatibilityVersion = "Xcode 14.0";
			developmentRegion = en;
			hasScannedForEncodings = 0;
			knownRegions = (
				en,
				Base,
			);
			mainGroup = 4AF5C9342CDDA53E0066F7CF;
			productRefGroup = 4AF5C93E2CDDA53E0066F7CF /* Products */;
			projectDirPath = "";
			projectRoot = "";
			targets = (
				4AF5C93C2CDDA53E0066F7CF /* Table */,
			);
		};
/* End PBXProject section */

/* Begin PBXResourcesBuildPhase section */
		4AF5C93B2CDDA53E0066F7CF /* Resources */ = {
			isa = PBXResourcesBuildPhase;
			buildActionMask = 2147483647;
			files = (
				4AF5C9632CDDAA8E0066F7CF /* clock.png in Resources */,
				4AF5C9622CDDAA8E0066F7CF /* pencil.png in Resources */,
				4AF5C94A2CDDA5400066F7CF /* Assets.xcassets in Resources */,
				4AF5C9612CDDAA8E0066F7CF /* cart.png in Resources */,
				4AF5C94D2CDDA5400066F7CF /* Base in Resources */,
				4AF5C9482CDDA53E0066F7CF /* Base in Resources */,
			);
			runOnlyForDeploymentPostprocessing = 0;
		};
/* End PBXResourcesBuildPhase section */

/* Begin PBXSourcesBuildPhase section */
		4AF5C9392CDDA53E0066F7CF /* Sources */ = {
			isa = PBXSourcesBuildPhase;
			buildActionMask = 2147483647;
			files = (
				4AF5C95D2CDDA8AF0066F7CF /* AddViewController.swift in Sources */,
				4AF5C9412CDDA53E0066F7CF /* AppDelegate.swift in Sources */,
				4AF5C9552CDDA81F0066F7CF /* TableViewController.swift in Sources */,
				4AF5C9432CDDA53E0066F7CF /* SceneDelegate.swift in Sources */,
				4AF5C95B2CDDA8A30066F7CF /* DetailViewController.swift in Sources */,
			);
			runOnlyForDeploymentPostprocessing = 0;
		};
/* End PBXSourcesBuildPhase section */

/* Begin PBXVariantGroup section */
		4AF5C9462CDDA53E0066F7CF /* Main.storyboard */ = {
			isa = PBXVariantGroup;
			children = (
				4AF5C9472CDDA53E0066F7CF /* Base */,
			);
			name = Main.storyboard;
			sourceTree = "<group>";
		};
		4AF5C94B2CDDA5400066F7CF /* LaunchScreen.storyboard */ = {
			isa = PBXVariantGroup;
			children = (
				4AF5C94C2CDDA5400066F7CF /* Base */,
			);
			name = LaunchScreen.storyboard;
			sourceTree = "<group>";
		};
/* End PBXVariantGroup section */

/* Begin XCBuildConfiguration section */
		4AF5C94F2CDDA5400066F7CF /* Debug */ = {
			isa = XCBuildConfiguration;
			buildSettings = {
				ALWAYS_SEARCH_USER_PATHS = NO;
				ASSETCATALOG_COMPILER_GENERATE_SWIFT_ASSET_SYMBOL_EXTENSIONS = YES;
				CLANG_ANALYZER_NONNULL = YES;
				CLANG_ANALYZER_NUMBER_OBJECT_CONVERSION = YES_AGGRESSIVE;
				CLANG_CXX_LANGUAGE_STANDARD = "gnu++20";
				CLANG_ENABLE_MODULES = YES;
				CLANG_ENABLE_OBJC_ARC = YES;
				CLANG_ENABLE_OBJC_WEAK = YES;
				CLANG_WARN_BLOCK_CAPTURE_AUTORELEASING = YES;
				CLANG_WARN_BOOL_CONVERSION = YES;
				CLANG_WARN_COMMA = YES;
				CLANG_WARN_CONSTANT_CONVERSION = YES;
				CLANG_WARN_DEPRECATED_OBJC_IMPLEMENTATIONS = YES;
				CLANG_WARN_DIRECT_OBJC_ISA_USAGE = YES_ERROR;
				CLANG_WARN_DOCUMENTATION_COMMENTS = YES;
				CLANG_WARN_EMPTY_BODY = YES;
				CLANG_WARN_ENUM_CONVERSION = YES;
				CLANG_WARN_INFINITE_RECURSION = YES;
				CLANG_WARN_INT_CONVERSION = YES;
				CLANG_WARN_NON_LITERAL_NULL_CONVERSION = YES;
				CLANG_WARN_OBJC_IMPLICIT_RETAIN_SELF = YES;
				CLANG_WARN_OBJC_LITERAL_CONVERSION = YES;
				CLANG_WARN_OBJC_ROOT_CLASS = YES_ERROR;
				CLANG_WARN_QUOTED_INCLUDE_IN_FRAMEWORK_HEADER = YES;
				CLANG_WARN_RANGE_LOOP_ANALYSIS = YES;
				CLANG_WARN_STRICT_PROTOTYPES = YES;
				CLANG_WARN_SUSPICIOUS_MOVE = YES;
				CLANG_WARN_UNGUARDED_AVAILABILITY = YES_AGGRESSIVE;
				CLANG_WARN_UNREACHABLE_CODE = YES;
				CLANG_WARN__DUPLICATE_METHOD_MATCH = YES;
				COPY_PHASE_STRIP = NO;
				DEBUG_INFORMATION_FORMAT = dwarf;
				ENABLE_STRICT_OBJC_MSGSEND = YES;
				ENABLE_TESTABILITY = YES;
				ENABLE_USER_SCRIPT_SANDBOXING = YES;
				GCC_C_LANGUAGE_STANDARD = gnu17;
				GCC_DYNAMIC_NO_PIC = NO;
				GCC_NO_COMMON_BLOCKS = YES;
				GCC_OPTIMIZATION_LEVEL = 0;
				GCC_PREPROCESSOR_DEFINITIONS = (
					"DEBUG=1",
					"$(inherited)",
				);
				GCC_WARN_64_TO_32_BIT_CONVERSION = YES;
				GCC_WARN_ABOUT_RETURN_TYPE = YES_ERROR;
				GCC_WARN_UNDECLARED_SELECTOR = YES;
				GCC_WARN_UNINITIALIZED_AUTOS = YES_AGGRESSIVE;
				GCC_WARN_UNUSED_FUNCTION = YES;
				GCC_WARN_UNUSED_VARIABLE = YES;
				IPHONEOS_DEPLOYMENT_TARGET = 17.5;
				LOCALIZATION_PREFERS_STRING_CATALOGS = YES;
				MTL_ENABLE_DEBUG_INFO = INCLUDE_SOURCE;
				MTL_FAST_MATH = YES;
				ONLY_ACTIVE_ARCH = YES;
				SDKROOT = iphoneos;
				SWIFT_ACTIVE_COMPILATION_CONDITIONS = "DEBUG $(inherited)";
				SWIFT_OPTIMIZATION_LEVEL = "-Onone";
			};
			name = Debug;
		};
		4AF5C9502CDDA5400066F7CF /* Release */ = {
			isa = XCBuildConfiguration;
			buildSettings = {
				ALWAYS_SEARCH_USER_PATHS = NO;
				ASSETCATALOG_COMPILER_GENERATE_SWIFT_ASSET_SYMBOL_EXTENSIONS = YES;
				CLANG_ANALYZER_NONNULL = YES;
				CLANG_ANALYZER_NUMBER_OBJECT_CONVERSION = YES_AGGRESSIVE;
				CLANG_CXX_LANGUAGE_STANDARD = "gnu++20";
				CLANG_ENABLE_MODULES = YES;
				CLANG_ENABLE_OBJC_ARC = YES;
				CLANG_ENABLE_OBJC_WEAK = YES;
				CLANG_WARN_BLOCK_CAPTURE_AUTORELEASING = YES;
				CLANG_WARN_BOOL_CONVERSION = YES;
				CLANG_WARN_COMMA = YES;
				CLANG_WARN_CONSTANT_CONVERSION = YES;
				CLANG_WARN_DEPRECATED_OBJC_IMPLEMENTATIONS = YES;
				CLANG_WARN_DIRECT_OBJC_ISA_USAGE = YES_ERROR;
				CLANG_WARN_DOCUMENTATION_COMMENTS = YES;
				CLANG_WARN_EMPTY_BODY = YES;
				CLANG_WARN_ENUM_CONVERSION = YES;
				CLANG_WARN_INFINITE_RECURSION = YES;
				CLANG_WARN_INT_CONVERSION = YES;
				CLANG_WARN_NON_LITERAL_NULL_CONVERSION = YES;
				CLANG_WARN_OBJC_IMPLICIT_RETAIN_SELF = YES;
				CLANG_WARN_OBJC_LITERAL_CONVERSION = YES;
				CLANG_WARN_OBJC_ROOT_CLASS = YES_ERROR;
				CLANG_WARN_QUOTED_INCLUDE_IN_FRAMEWORK_HEADER = YES;
				CLANG_WARN_RANGE_LOOP_ANALYSIS = YES;
				CLANG_WARN_STRICT_PROTOTYPES = YES;
				CLANG_WARN_SUSPICIOUS_MOVE = YES;
				CLANG_WARN_UNGUARDED_AVAILABILITY = YES_AGGRESSIVE;
				CLANG_WARN_UNREACHABLE_CODE = YES;
				CLANG_WARN__DUPLICATE_METHOD_MATCH = YES;
				COPY_PHASE_STRIP = NO;
				DEBUG_INFORMATION_FORMAT = "dwarf-with-dsym";
				ENABLE_NS_ASSERTIONS = NO;
				ENABLE_STRICT_OBJC_MSGSEND = YES;
				ENABLE_USER_SCRIPT_SANDBOXING = YES;
				GCC_C_LANGUAGE_STANDARD = gnu17;
				GCC_NO_COMMON_BLOCKS = YES;
				GCC_WARN_64_TO_32_BIT_CONVERSION = YES;
				GCC_WARN_ABOUT_RETURN_TYPE = YES_ERROR;
				GCC_WARN_UNDECLARED_SELECTOR = YES;
				GCC_WARN_UNINITIALIZED_AUTOS = YES_AGGRESSIVE;
				GCC_WARN_UNUSED_FUNCTION = YES;
				GCC_WARN_UNUSED_VARIABLE = YES;
				IPHONEOS_DEPLOYMENT_TARGET = 17.5;
				LOCALIZATION_PREFERS_STRING_CATALOGS = YES;
				MTL_ENABLE_DEBUG_INFO = NO;
				MTL_FAST_MATH = YES;
				SDKROOT = iphoneos;
				SWIFT_COMPILATION_MODE = wholemodule;
				VALIDATE_PRODUCT = YES;
			};
			name = Release;
		};
		4AF5C9522CDDA5400066F7CF /* Debug */ = {
			isa = XCBuildConfiguration;
			buildSettings = {
				ASSETCATALOG_COMPILER_APPICON_NAME = AppIcon;
				ASSETCATALOG_COMPILER_GLOBAL_ACCENT_COLOR_NAME = AccentColor;
				CODE_SIGN_STYLE = Automatic;
				CURRENT_PROJECT_VERSION = 1;
				GENERATE_INFOPLIST_FILE = YES;
				INFOPLIST_FILE = Table/Info.plist;
				INFOPLIST_KEY_UIApplicationSupportsIndirectInputEvents = YES;
				INFOPLIST_KEY_UILaunchStoryboardName = LaunchScreen;
				INFOPLIST_KEY_UIMainStoryboardFile = Main;
				INFOPLIST_KEY_UISupportedInterfaceOrientations_iPad = "UIInterfaceOrientationPortrait UIInterfaceOrientationPortraitUpsideDown UIInterfaceOrientationLandscapeLeft UIInterfaceOrientationLandscapeRight";
				INFOPLIST_KEY_UISupportedInterfaceOrientations_iPhone = "UIInterfaceOrientationPortrait UIInterfaceOrientationLandscapeLeft UIInterfaceOrientationLandscapeRight";
				LD_RUNPATH_SEARCH_PATHS = (
					"$(inherited)",
					"@executable_path/Frameworks",
				);
				MARKETING_VERSION = 1.0;
				PRODUCT_BUNDLE_IDENTIFIER = com.ddwu.ismobile.kdk.Table;
				PRODUCT_NAME = "$(TARGET_NAME)";
				SWIFT_EMIT_LOC_STRINGS = YES;
				SWIFT_VERSION = 5.0;
				TARGETED_DEVICE_FAMILY = "1,2";
			};
			name = Debug;
		};
		4AF5C9532CDDA5400066F7CF /* Release */ = {
			isa = XCBuildConfiguration;
			buildSettings = {
				ASSETCATALOG_COMPILER_APPICON_NAME = AppIcon;
				ASSETCATALOG_COMPILER_GLOBAL_ACCENT_COLOR_NAME = AccentColor;
				CODE_SIGN_STYLE = Automatic;
				CURRENT_PROJECT_VERSION = 1;
				GENERATE_INFOPLIST_FILE = YES;
				INFOPLIST_FILE = Table/Info.plist;
				INFOPLIST_KEY_UIApplicationSupportsIndirectInputEvents = YES;
				INFOPLIST_KEY_UILaunchStoryboardName = LaunchScreen;
				INFOPLIST_KEY_UIMainStoryboardFile = Main;
				INFOPLIST_KEY_UISupportedInterfaceOrientations_iPad = "UIInterfaceOrientationPortrait UIInterfaceOrientationPortraitUpsideDown UIInterfaceOrientationLandscapeLeft UIInterfaceOrientationLandscapeRight";
				INFOPLIST_KEY_UISupportedInterfaceOrientations_iPhone = "UIInterfaceOrientationPortrait UIInterfaceOrientationLandscapeLeft UIInterfaceOrientationLandscapeRight";
				LD_RUNPATH_SEARCH_PATHS = (
					"$(inherited)",
					"@executable_path/Frameworks",
				);
				MARKETING_VERSION = 1.0;
				PRODUCT_BUNDLE_IDENTIFIER = com.ddwu.ismobile.kdk.Table;
				PRODUCT_NAME = "$(TARGET_NAME)";
				SWIFT_EMIT_LOC_STRINGS = YES;
				SWIFT_VERSION = 5.0;
				TARGETED_DEVICE_FAMILY = "1,2";
			};
			name = Release;
		};
/* End XCBuildConfiguration section */

/* Begin XCConfigurationList section */
		4AF5C9382CDDA53E0066F7CF /* Build configuration list for PBXProject "Table" */ = {
			isa = XCConfigurationList;
			buildConfigurations = (
				4AF5C94F2CDDA5400066F7CF /* Debug */,
				4AF5C9502CDDA5400066F7CF /* Release */,
			);
			defaultConfigurationIsVisible = 0;
			defaultConfigurationName = Release;
		};
		4AF5C9512CDDA5400066F7CF /* Build configuration list for PBXNativeTarget "Table" */ = {
			isa = XCConfigurationList;
			buildConfigurations = (
				4AF5C9522CDDA5400066F7CF /* Debug */,
				4AF5C9532CDDA5400066F7CF /* Release */,
			);
			defaultConfigurationIsVisible = 0;
			defaultConfigurationName = Release;
		};
/* End XCConfigurationList section */
	};
	rootObject = 4AF5C9352CDDA53E0066F7CF /* Project object */;
}
