// !$*UTF8*$!
{
	archiveVersion = 1;
	classes = {
	};
	objectVersion = 56;
	objects = {

/* Begin PBXBuildFile section */
		4AA6AAFF2CBF804D005FB5A5 /* AppDelegate.swift in Sources */ = {isa = PBXBuildFile; fileRef = 4AA6AAFE2CBF804D005FB5A5 /* AppDelegate.swift */; };
		4AA6AB012CBF804D005FB5A5 /* SceneDelegate.swift in Sources */ = {isa = PBXBuildFile; fileRef = 4AA6AB002CBF804D005FB5A5 /* SceneDelegate.swift */; };
		4AA6AB032CBF804D005FB5A5 /* ViewController.swift in Sources */ = {isa = PBXBuildFile; fileRef = 4AA6AB022CBF804D005FB5A5 /* ViewController.swift */; };
		4AA6AB062CBF804D005FB5A5 /* Base in Resources */ = {isa = PBXBuildFile; fileRef = 4AA6AB052CBF804D005FB5A5 /* Base */; };
		4AA6AB082CBF804E005FB5A5 /* Assets.xcassets in Resources */ = {isa = PBXBuildFile; fileRef = 4AA6AB072CBF804E005FB5A5 /* Assets.xcassets */; };
		4AA6AB0B2CBF804E005FB5A5 /* Base in Resources */ = {isa = PBXBuildFile; fileRef = 4AA6AB0A2CBF804E005FB5A5 /* Base */; };
		4AA6AB172CBF815D005FB5A5 /* lamp_on.png in Resources */ = {isa = PBXBuildFile; fileRef = 4AA6AB122CBF815D005FB5A5 /* lamp_on.png */; };
		4AA6AB182CBF815D005FB5A5 /* Calendar32.png in Resources */ = {isa = PBXBuildFile; fileRef = 4AA6AB132CBF815D005FB5A5 /* Calendar32.png */; };
		4AA6AB192CBF815D005FB5A5 /* lamp_off.png in Resources */ = {isa = PBXBuildFile; fileRef = 4AA6AB142CBF815D005FB5A5 /* lamp_off.png */; };
		4AA6AB1A2CBF815D005FB5A5 /* File.png in Resources */ = {isa = PBXBuildFile; fileRef = 4AA6AB152CBF815D005FB5A5 /* File.png */; };
		4AA6AB1B2CBF815D005FB5A5 /* Pictures32.png in Resources */ = {isa = PBXBuildFile; fileRef = 4AA6AB162CBF815D005FB5A5 /* Pictures32.png */; };
		4AA6AB1F2CBF82B1005FB5A5 /* ImageViewController.swift in Sources */ = {isa = PBXBuildFile; fileRef = 4AA6AB1E2CBF82B1005FB5A5 /* ImageViewController.swift */; };
		4AA6AB212CBF84AB005FB5A5 /* DatePickerViewController.swift in Sources */ = {isa = PBXBuildFile; fileRef = 4AA6AB202CBF84AB005FB5A5 /* DatePickerViewController.swift */; };
		4AA6AB232CBF888B005FB5A5 /* PickerViewController.swift in Sources */ = {isa = PBXBuildFile; fileRef = 4AA6AB222CBF888B005FB5A5 /* PickerViewController.swift */; };
		4AA6AB2F2CBF8929005FB5A5 /* 1.jpg in Resources */ = {isa = PBXBuildFile; fileRef = 4AA6AB242CBF8929005FB5A5 /* 1.jpg */; };
		4AA6AB302CBF8929005FB5A5 /* 2.jpg in Resources */ = {isa = PBXBuildFile; fileRef = 4AA6AB252CBF8929005FB5A5 /* 2.jpg */; };
		4AA6AB312CBF8929005FB5A5 /* 3.jpg in Resources */ = {isa = PBXBuildFile; fileRef = 4AA6AB262CBF8929005FB5A5 /* 3.jpg */; };
		4AA6AB322CBF8929005FB5A5 /* 4.jpg in Resources */ = {isa = PBXBuildFile; fileRef = 4AA6AB272CBF8929005FB5A5 /* 4.jpg */; };
		4AA6AB332CBF8929005FB5A5 /* 5.jpg in Resources */ = {isa = PBXBuildFile; fileRef = 4AA6AB282CBF8929005FB5A5 /* 5.jpg */; };
		4AA6AB342CBF8929005FB5A5 /* 6.jpg in Resources */ = {isa = PBXBuildFile; fileRef = 4AA6AB292CBF8929005FB5A5 /* 6.jpg */; };
		4AA6AB352CBF8929005FB5A5 /* 7.jpg in Resources */ = {isa = PBXBuildFile; fileRef = 4AA6AB2A2CBF8929005FB5A5 /* 7.jpg */; };
		4AA6AB362CBF8929005FB5A5 /* 8.jpg in Resources */ = {isa = PBXBuildFile; fileRef = 4AA6AB2B2CBF8929005FB5A5 /* 8.jpg */; };
		4AA6AB372CBF8929005FB5A5 /* 9.jpg in Resources */ = {isa = PBXBuildFile; fileRef = 4AA6AB2C2CBF8929005FB5A5 /* 9.jpg */; };
		4AA6AB382CBF8929005FB5A5 /* 10.jpg in Resources */ = {isa = PBXBuildFile; fileRef = 4AA6AB2D2CBF8929005FB5A5 /* 10.jpg */; };
/* End PBXBuildFile section */

/* Begin PBXFileReference section */
		4AA6AAFB2CBF804D005FB5A5 /* Tab.app */ = {isa = PBXFileReference; explicitFileType = wrapper.application; includeInIndex = 0; path = Tab.app; sourceTree = BUILT_PRODUCTS_DIR; };
		4AA6AAFE2CBF804D005FB5A5 /* AppDelegate.swift */ = {isa = PBXFileReference; lastKnownFileType = sourcecode.swift; path = AppDelegate.swift; sourceTree = "<group>"; };
		4AA6AB002CBF804D005FB5A5 /* SceneDelegate.swift */ = {isa = PBXFileReference; lastKnownFileType = sourcecode.swift; path = SceneDelegate.swift; sourceTree = "<group>"; };
		4AA6AB022CBF804D005FB5A5 /* ViewController.swift */ = {isa = PBXFileReference; lastKnownFileType = sourcecode.swift; path = ViewController.swift; sourceTree = "<group>"; };
		4AA6AB052CBF804D005FB5A5 /* Base */ = {isa = PBXFileReference; lastKnownFileType = file.storyboard; name = Base; path = Base.lproj/Main.storyboard; sourceTree = "<group>"; };
		4AA6AB072CBF804E005FB5A5 /* Assets.xcassets */ = {isa = PBXFileReference; lastKnownFileType = folder.assetcatalog; path = Assets.xcassets; sourceTree = "<group>"; };
		4AA6AB0A2CBF804E005FB5A5 /* Base */ = {isa = PBXFileReference; lastKnownFileType = file.storyboard; name = Base; path = Base.lproj/LaunchScreen.storyboard; sourceTree = "<group>"; };
		4AA6AB0C2CBF804E005FB5A5 /* Info.plist */ = {isa = PBXFileReference; lastKnownFileType = text.plist.xml; path = Info.plist; sourceTree = "<group>"; };
		4AA6AB122CBF815D005FB5A5 /* lamp_on.png */ = {isa = PBXFileReference; lastKnownFileType = image.png; path = lamp_on.png; sourceTree = "<group>"; };
		4AA6AB132CBF815D005FB5A5 /* Calendar32.png */ = {isa = PBXFileReference; lastKnownFileType = image.png; path = Calendar32.png; sourceTree = "<group>"; };
		4AA6AB142CBF815D005FB5A5 /* lamp_off.png */ = {isa = PBXFileReference; lastKnownFileType = image.png; path = lamp_off.png; sourceTree = "<group>"; };
		4AA6AB152CBF815D005FB5A5 /* File.png */ = {isa = PBXFileReference; lastKnownFileType = image.png; path = File.png; sourceTree = "<group>"; };
		4AA6AB162CBF815D005FB5A5 /* Pictures32.png */ = {isa = PBXFileReference; lastKnownFileType = image.png; path = Pictures32.png; sourceTree = "<group>"; };
		4AA6AB1E2CBF82B1005FB5A5 /* ImageViewController.swift */ = {isa = PBXFileReference; fileEncoding = 4; lastKnownFileType = sourcecode.swift; path = ImageViewController.swift; sourceTree = "<group>"; };
		4AA6AB202CBF84AB005FB5A5 /* DatePickerViewController.swift */ = {isa = PBXFileReference; fileEncoding = 4; lastKnownFileType = sourcecode.swift; path = DatePickerViewController.swift; sourceTree = "<group>"; };
		4AA6AB222CBF888B005FB5A5 /* PickerViewController.swift */ = {isa = PBXFileReference; fileEncoding = 4; lastKnownFileType = sourcecode.swift; path = PickerViewController.swift; sourceTree = "<group>"; };
		4AA6AB242CBF8929005FB5A5 /* 1.jpg */ = {isa = PBXFileReference; lastKnownFileType = image.jpeg; path = 1.jpg; sourceTree = "<group>"; };
		4AA6AB252CBF8929005FB5A5 /* 2.jpg */ = {isa = PBXFileReference; lastKnownFileType = image.jpeg; path = 2.jpg; sourceTree = "<group>"; };
		4AA6AB262CBF8929005FB5A5 /* 3.jpg */ = {isa = PBXFileReference; lastKnownFileType = image.jpeg; path = 3.jpg; sourceTree = "<group>"; };
		4AA6AB272CBF8929005FB5A5 /* 4.jpg */ = {isa = PBXFileReference; lastKnownFileType = image.jpeg; path = 4.jpg; sourceTree = "<group>"; };
		4AA6AB282CBF8929005FB5A5 /* 5.jpg */ = {isa = PBXFileReference; lastKnownFileType = image.jpeg; path = 5.jpg; sourceTree = "<group>"; };
		4AA6AB292CBF8929005FB5A5 /* 6.jpg */ = {isa = PBXFileReference; lastKnownFileType = image.jpeg; path = 6.jpg; sourceTree = "<group>"; };
		4AA6AB2A2CBF8929005FB5A5 /* 7.jpg */ = {isa = PBXFileReference; lastKnownFileType = image.jpeg; path = 7.jpg; sourceTree = "<group>"; };
		4AA6AB2B2CBF8929005FB5A5 /* 8.jpg */ = {isa = PBXFileReference; lastKnownFileType = image.jpeg; path = 8.jpg; sourceTree = "<group>"; };
		4AA6AB2C2CBF8929005FB5A5 /* 9.jpg */ = {isa = PBXFileReference; lastKnownFileType = image.jpeg; path = 9.jpg; sourceTree = "<group>"; };
		4AA6AB2D2CBF8929005FB5A5 /* 10.jpg */ = {isa = PBXFileReference; lastKnownFileType = image.jpeg; path = 10.jpg; sourceTree = "<group>"; };
/* End PBXFileReference section */

/* Begin PBXFrameworksBuildPhase section */
		4AA6AAF82CBF804D005FB5A5 /* Frameworks */ = {
			isa = PBXFrameworksBuildPhase;
			buildActionMask = 2147483647;
			files = (
			);
			runOnlyForDeploymentPostprocessing = 0;
		};
/* End PBXFrameworksBuildPhase section */

/* Begin PBXGroup section */
		4AA6AAF22CBF804D005FB5A5 = {
			isa = PBXGroup;
			children = (
				4AA6AAFD2CBF804D005FB5A5 /* Tab */,
				4AA6AAFC2CBF804D005FB5A5 /* Products */,
			);
			sourceTree = "<group>";
		};
		4AA6AAFC2CBF804D005FB5A5 /* Products */ = {
			isa = PBXGroup;
			children = (
				4AA6AAFB2CBF804D005FB5A5 /* Tab.app */,
			);
			name = Products;
			sourceTree = "<group>";
		};
		4AA6AAFD2CBF804D005FB5A5 /* Tab */ = {
			isa = PBXGroup;
			children = (
				4AA6AB2E2CBF8929005FB5A5 /* images */,
				4AA6AB1E2CBF82B1005FB5A5 /* ImageViewController.swift */,
				4AA6AB202CBF84AB005FB5A5 /* DatePickerViewController.swift */,
				4AA6AB222CBF888B005FB5A5 /* PickerViewController.swift */,
				4AA6AB132CBF815D005FB5A5 /* Calendar32.png */,
				4AA6AB152CBF815D005FB5A5 /* File.png */,
				4AA6AB142CBF815D005FB5A5 /* lamp_off.png */,
				4AA6AB122CBF815D005FB5A5 /* lamp_on.png */,
				4AA6AB162CBF815D005FB5A5 /* Pictures32.png */,
				4AA6AAFE2CBF804D005FB5A5 /* AppDelegate.swift */,
				4AA6AB002CBF804D005FB5A5 /* SceneDelegate.swift */,
				4AA6AB022CBF804D005FB5A5 /* ViewController.swift */,
				4AA6AB042CBF804D005FB5A5 /* Main.storyboard */,
				4AA6AB072CBF804E005FB5A5 /* Assets.xcassets */,
				4AA6AB092CBF804E005FB5A5 /* LaunchScreen.storyboard */,
				4AA6AB0C2CBF804E005FB5A5 /* Info.plist */,
			);
			path = Tab;
			sourceTree = "<group>";
		};
		4AA6AB2E2CBF8929005FB5A5 /* images */ = {
			isa = PBXGroup;
			children = (
				4AA6AB242CBF8929005FB5A5 /* 1.jpg */,
				4AA6AB252CBF8929005FB5A5 /* 2.jpg */,
				4AA6AB262CBF8929005FB5A5 /* 3.jpg */,
				4AA6AB272CBF8929005FB5A5 /* 4.jpg */,
				4AA6AB282CBF8929005FB5A5 /* 5.jpg */,
				4AA6AB292CBF8929005FB5A5 /* 6.jpg */,
				4AA6AB2A2CBF8929005FB5A5 /* 7.jpg */,
				4AA6AB2B2CBF8929005FB5A5 /* 8.jpg */,
				4AA6AB2C2CBF8929005FB5A5 /* 9.jpg */,
				4AA6AB2D2CBF8929005FB5A5 /* 10.jpg */,
			);
			path = images;
			sourceTree = "<group>";
		};
/* End PBXGroup section */

/* Begin PBXNativeTarget section */
		4AA6AAFA2CBF804D005FB5A5 /* Tab */ = {
			isa = PBXNativeTarget;
			buildConfigurationList = 4AA6AB0F2CBF804E005FB5A5 /* Build configuration list for PBXNativeTarget "Tab" */;
			buildPhases = (
				4AA6AAF72CBF804D005FB5A5 /* Sources */,
				4AA6AAF82CBF804D005FB5A5 /* Frameworks */,
				4AA6AAF92CBF804D005FB5A5 /* Resources */,
			);
			buildRules = (
			);
			dependencies = (
			);
			name = Tab;
			productName = Tab;
			productReference = 4AA6AAFB2CBF804D005FB5A5 /* Tab.app */;
			productType = "com.apple.product-type.application";
		};
/* End PBXNativeTarget section */

/* Begin PBXProject section */
		4AA6AAF32CBF804D005FB5A5 /* Project object */ = {
			isa = PBXProject;
			attributes = {
				BuildIndependentTargetsInParallel = 1;
				LastSwiftUpdateCheck = 1540;
				LastUpgradeCheck = 1540;
				TargetAttributes = {
					4AA6AAFA2CBF804D005FB5A5 = {
						CreatedOnToolsVersion = 15.4;
					};
				};
			};
			buildConfigurationList = 4AA6AAF62CBF804D005FB5A5 /* Build configuration list for PBXProject "Tab" */;
			compatibilityVersion = "Xcode 14.0";
			developmentRegion = en;
			hasScannedForEncodings = 0;
			knownRegions = (
				en,
				Base,
			);
			mainGroup = 4AA6AAF22CBF804D005FB5A5;
			productRefGroup = 4AA6AAFC2CBF804D005FB5A5 /* Products */;
			projectDirPath = "";
			projectRoot = "";
			targets = (
				4AA6AAFA2CBF804D005FB5A5 /* Tab */,
			);
		};
/* End PBXProject section */

/* Begin PBXResourcesBuildPhase section */
		4AA6AAF92CBF804D005FB5A5 /* Resources */ = {
			isa = PBXResourcesBuildPhase;
			buildActionMask = 2147483647;
			files = (
				4AA6AB342CBF8929005FB5A5 /* 6.jpg in Resources */,
				4AA6AB322CBF8929005FB5A5 /* 4.jpg in Resources */,
				4AA6AB312CBF8929005FB5A5 /* 3.jpg in Resources */,
				4AA6AB172CBF815D005FB5A5 /* lamp_on.png in Resources */,
				4AA6AB382CBF8929005FB5A5 /* 10.jpg in Resources */,
				4AA6AB082CBF804E005FB5A5 /* Assets.xcassets in Resources */,
				4AA6AB302CBF8929005FB5A5 /* 2.jpg in Resources */,
				4AA6AB0B2CBF804E005FB5A5 /* Base in Resources */,
				4AA6AB1A2CBF815D005FB5A5 /* File.png in Resources */,
				4AA6AB332CBF8929005FB5A5 /* 5.jpg in Resources */,
				4AA6AB192CBF815D005FB5A5 /* lamp_off.png in Resources */,
				4AA6AB1B2CBF815D005FB5A5 /* Pictures32.png in Resources */,
				4AA6AB2F2CBF8929005FB5A5 /* 1.jpg in Resources */,
				4AA6AB372CBF8929005FB5A5 /* 9.jpg in Resources */,
				4AA6AB362CBF8929005FB5A5 /* 8.jpg in Resources */,
				4AA6AB352CBF8929005FB5A5 /* 7.jpg in Resources */,
				4AA6AB062CBF804D005FB5A5 /* Base in Resources */,
				4AA6AB182CBF815D005FB5A5 /* Calendar32.png in Resources */,
			);
			runOnlyForDeploymentPostprocessing = 0;
		};
/* End PBXResourcesBuildPhase section */

/* Begin PBXSourcesBuildPhase section */
		4AA6AAF72CBF804D005FB5A5 /* Sources */ = {
			isa = PBXSourcesBuildPhase;
			buildActionMask = 2147483647;
			files = (
				4AA6AB232CBF888B005FB5A5 /* PickerViewController.swift in Sources */,
				4AA6AB032CBF804D005FB5A5 /* ViewController.swift in Sources */,
				4AA6AB212CBF84AB005FB5A5 /* DatePickerViewController.swift in Sources */,
				4AA6AAFF2CBF804D005FB5A5 /* AppDelegate.swift in Sources */,
				4AA6AB1F2CBF82B1005FB5A5 /* ImageViewController.swift in Sources */,
				4AA6AB012CBF804D005FB5A5 /* SceneDelegate.swift in Sources */,
			);
			runOnlyForDeploymentPostprocessing = 0;
		};
/* End PBXSourcesBuildPhase section */

/* Begin PBXVariantGroup section */
		4AA6AB042CBF804D005FB5A5 /* Main.storyboard */ = {
			isa = PBXVariantGroup;
			children = (
				4AA6AB052CBF804D005FB5A5 /* Base */,
			);
			name = Main.storyboard;
			sourceTree = "<group>";
		};
		4AA6AB092CBF804E005FB5A5 /* LaunchScreen.storyboard */ = {
			isa = PBXVariantGroup;
			children = (
				4AA6AB0A2CBF804E005FB5A5 /* Base */,
			);
			name = LaunchScreen.storyboard;
			sourceTree = "<group>";
		};
/* End PBXVariantGroup section */

/* Begin XCBuildConfiguration section */
		4AA6AB0D2CBF804E005FB5A5 /* Debug */ = {
			isa = XCBuildConfiguration;
			buildSettings = {
				ALWAYS_SEARCH_USER_PATHS = NO;
				ASSETCATALOG_COMPILER_GENERATE_SWIFT_ASSET_SYMBOL_EXTENSIONS = YES;
				CLANG_ANALYZER_NONNULL = YES;
				CLANG_ANALYZER_NUMBER_OBJECT_CONVERSION = YES_AGGRESSIVE;
				CLANG_CXX_LANGUAGE_STANDARD = "gnu++20";
				CLANG_ENABLE_MODULES = YES;
				CLANG_ENABLE_OBJC_ARC = YES;
				CLANG_ENABLE_OBJC_WEAK = YES;
				CLANG_WARN_BLOCK_CAPTURE_AUTORELEASING = YES;
				CLANG_WARN_BOOL_CONVERSION = YES;
				CLANG_WARN_COMMA = YES;
				CLANG_WARN_CONSTANT_CONVERSION = YES;
				CLANG_WARN_DEPRECATED_OBJC_IMPLEMENTATIONS = YES;
				CLANG_WARN_DIRECT_OBJC_ISA_USAGE = YES_ERROR;
				CLANG_WARN_DOCUMENTATION_COMMENTS = YES;
				CLANG_WARN_EMPTY_BODY = YES;
				CLANG_WARN_ENUM_CONVERSION = YES;
				CLANG_WARN_INFINITE_RECURSION = YES;
				CLANG_WARN_INT_CONVERSION = YES;
				CLANG_WARN_NON_LITERAL_NULL_CONVERSION = YES;
				CLANG_WARN_OBJC_IMPLICIT_RETAIN_SELF = YES;
				CLANG_WARN_OBJC_LITERAL_CONVERSION = YES;
				CLANG_WARN_OBJC_ROOT_CLASS = YES_ERROR;
				CLANG_WARN_QUOTED_INCLUDE_IN_FRAMEWORK_HEADER = YES;
				CLANG_WARN_RANGE_LOOP_ANALYSIS = YES;
				CLANG_WARN_STRICT_PROTOTYPES = YES;
				CLANG_WARN_SUSPICIOUS_MOVE = YES;
				CLANG_WARN_UNGUARDED_AVAILABILITY = YES_AGGRESSIVE;
				CLANG_WARN_UNREACHABLE_CODE = YES;
				CLANG_WARN__DUPLICATE_METHOD_MATCH = YES;
				COPY_PHASE_STRIP = NO;
				DEBUG_INFORMATION_FORMAT = dwarf;
				ENABLE_STRICT_OBJC_MSGSEND = YES;
				ENABLE_TESTABILITY = YES;
				ENABLE_USER_SCRIPT_SANDBOXING = YES;
				GCC_C_LANGUAGE_STANDARD = gnu17;
				GCC_DYNAMIC_NO_PIC = NO;
				GCC_NO_COMMON_BLOCKS = YES;
				GCC_OPTIMIZATION_LEVEL = 0;
				GCC_PREPROCESSOR_DEFINITIONS = (
					"DEBUG=1",
					"$(inherited)",
				);
				GCC_WARN_64_TO_32_BIT_CONVERSION = YES;
				GCC_WARN_ABOUT_RETURN_TYPE = YES_ERROR;
				GCC_WARN_UNDECLARED_SELECTOR = YES;
				GCC_WARN_UNINITIALIZED_AUTOS = YES_AGGRESSIVE;
				GCC_WARN_UNUSED_FUNCTION = YES;
				GCC_WARN_UNUSED_VARIABLE = YES;
				IPHONEOS_DEPLOYMENT_TARGET = 17.5;
				LOCALIZATION_PREFERS_STRING_CATALOGS = YES;
				MTL_ENABLE_DEBUG_INFO = INCLUDE_SOURCE;
				MTL_FAST_MATH = YES;
				ONLY_ACTIVE_ARCH = YES;
				SDKROOT = iphoneos;
				SWIFT_ACTIVE_COMPILATION_CONDITIONS = "DEBUG $(inherited)";
				SWIFT_OPTIMIZATION_LEVEL = "-Onone";
			};
			name = Debug;
		};
		4AA6AB0E2CBF804E005FB5A5 /* Release */ = {
			isa = XCBuildConfiguration;
			buildSettings = {
				ALWAYS_SEARCH_USER_PATHS = NO;
				ASSETCATALOG_COMPILER_GENERATE_SWIFT_ASSET_SYMBOL_EXTENSIONS = YES;
				CLANG_ANALYZER_NONNULL = YES;
				CLANG_ANALYZER_NUMBER_OBJECT_CONVERSION = YES_AGGRESSIVE;
				CLANG_CXX_LANGUAGE_STANDARD = "gnu++20";
				CLANG_ENABLE_MODULES = YES;
				CLANG_ENABLE_OBJC_ARC = YES;
				CLANG_ENABLE_OBJC_WEAK = YES;
				CLANG_WARN_BLOCK_CAPTURE_AUTORELEASING = YES;
				CLANG_WARN_BOOL_CONVERSION = YES;
				CLANG_WARN_COMMA = YES;
				CLANG_WARN_CONSTANT_CONVERSION = YES;
				CLANG_WARN_DEPRECATED_OBJC_IMPLEMENTATIONS = YES;
				CLANG_WARN_DIRECT_OBJC_ISA_USAGE = YES_ERROR;
				CLANG_WARN_DOCUMENTATION_COMMENTS = YES;
				CLANG_WARN_EMPTY_BODY = YES;
				CLANG_WARN_ENUM_CONVERSION = YES;
				CLANG_WARN_INFINITE_RECURSION = YES;
				CLANG_WARN_INT_CONVERSION = YES;
				CLANG_WARN_NON_LITERAL_NULL_CONVERSION = YES;
				CLANG_WARN_OBJC_IMPLICIT_RETAIN_SELF = YES;
				CLANG_WARN_OBJC_LITERAL_CONVERSION = YES;
				CLANG_WARN_OBJC_ROOT_CLASS = YES_ERROR;
				CLANG_WARN_QUOTED_INCLUDE_IN_FRAMEWORK_HEADER = YES;
				CLANG_WARN_RANGE_LOOP_ANALYSIS = YES;
				CLANG_WARN_STRICT_PROTOTYPES = YES;
				CLANG_WARN_SUSPICIOUS_MOVE = YES;
				CLANG_WARN_UNGUARDED_AVAILABILITY = YES_AGGRESSIVE;
				CLANG_WARN_UNREACHABLE_CODE = YES;
				CLANG_WARN__DUPLICATE_METHOD_MATCH = YES;
				COPY_PHASE_STRIP = NO;
				DEBUG_INFORMATION_FORMAT = "dwarf-with-dsym";
				ENABLE_NS_ASSERTIONS = NO;
				ENABLE_STRICT_OBJC_MSGSEND = YES;
				ENABLE_USER_SCRIPT_SANDBOXING = YES;
				GCC_C_LANGUAGE_STANDARD = gnu17;
				GCC_NO_COMMON_BLOCKS = YES;
				GCC_WARN_64_TO_32_BIT_CONVERSION = YES;
				GCC_WARN_ABOUT_RETURN_TYPE = YES_ERROR;
				GCC_WARN_UNDECLARED_SELECTOR = YES;
				GCC_WARN_UNINITIALIZED_AUTOS = YES_AGGRESSIVE;
				GCC_WARN_UNUSED_FUNCTION = YES;
				GCC_WARN_UNUSED_VARIABLE = YES;
				IPHONEOS_DEPLOYMENT_TARGET = 17.5;
				LOCALIZATION_PREFERS_STRING_CATALOGS = YES;
				MTL_ENABLE_DEBUG_INFO = NO;
				MTL_FAST_MATH = YES;
				SDKROOT = iphoneos;
				SWIFT_COMPILATION_MODE = wholemodule;
				VALIDATE_PRODUCT = YES;
			};
			name = Release;
		};
		4AA6AB102CBF804E005FB5A5 /* Debug */ = {
			isa = XCBuildConfiguration;
			buildSettings = {
				ASSETCATALOG_COMPILER_APPICON_NAME = AppIcon;
				ASSETCATALOG_COMPILER_GLOBAL_ACCENT_COLOR_NAME = AccentColor;
				CODE_SIGN_STYLE = Automatic;
				CURRENT_PROJECT_VERSION = 1;
				GENERATE_INFOPLIST_FILE = YES;
				INFOPLIST_FILE = Tab/Info.plist;
				INFOPLIST_KEY_UIApplicationSupportsIndirectInputEvents = YES;
				INFOPLIST_KEY_UILaunchStoryboardName = LaunchScreen;
				INFOPLIST_KEY_UIMainStoryboardFile = Main;
				INFOPLIST_KEY_UISupportedInterfaceOrientations_iPad = "UIInterfaceOrientationPortrait UIInterfaceOrientationPortraitUpsideDown UIInterfaceOrientationLandscapeLeft UIInterfaceOrientationLandscapeRight";
				INFOPLIST_KEY_UISupportedInterfaceOrientations_iPhone = "UIInterfaceOrientationPortrait UIInterfaceOrientationLandscapeLeft UIInterfaceOrientationLandscapeRight";
				LD_RUNPATH_SEARCH_PATHS = (
					"$(inherited)",
					"@executable_path/Frameworks",
				);
				MARKETING_VERSION = 1.0;
				PRODUCT_BUNDLE_IDENTIFIER = ddwu.com.ismobile.kdk.Tab;
				PRODUCT_NAME = "$(TARGET_NAME)";
				SWIFT_EMIT_LOC_STRINGS = YES;
				SWIFT_VERSION = 5.0;
				TARGETED_DEVICE_FAMILY = "1,2";
			};
			name = Debug;
		};
		4AA6AB112CBF804E005FB5A5 /* Release */ = {
			isa = XCBuildConfiguration;
			buildSettings = {
				ASSETCATALOG_COMPILER_APPICON_NAME = AppIcon;
				ASSETCATALOG_COMPILER_GLOBAL_ACCENT_COLOR_NAME = AccentColor;
				CODE_SIGN_STYLE = Automatic;
				CURRENT_PROJECT_VERSION = 1;
				GENERATE_INFOPLIST_FILE = YES;
				INFOPLIST_FILE = Tab/Info.plist;
				INFOPLIST_KEY_UIApplicationSupportsIndirectInputEvents = YES;
				INFOPLIST_KEY_UILaunchStoryboardName = LaunchScreen;
				INFOPLIST_KEY_UIMainStoryboardFile = Main;
				INFOPLIST_KEY_UISupportedInterfaceOrientations_iPad = "UIInterfaceOrientationPortrait UIInterfaceOrientationPortraitUpsideDown UIInterfaceOrientationLandscapeLeft UIInterfaceOrientationLandscapeRight";
				INFOPLIST_KEY_UISupportedInterfaceOrientations_iPhone = "UIInterfaceOrientationPortrait UIInterfaceOrientationLandscapeLeft UIInterfaceOrientationLandscapeRight";
				LD_RUNPATH_SEARCH_PATHS = (
					"$(inherited)",
					"@executable_path/Frameworks",
				);
				MARKETING_VERSION = 1.0;
				PRODUCT_BUNDLE_IDENTIFIER = ddwu.com.ismobile.kdk.Tab;
				PRODUCT_NAME = "$(TARGET_NAME)";
				SWIFT_EMIT_LOC_STRINGS = YES;
				SWIFT_VERSION = 5.0;
				TARGETED_DEVICE_FAMILY = "1,2";
			};
			name = Release;
		};
/* End XCBuildConfiguration section */

/* Begin XCConfigurationList section */
		4AA6AAF62CBF804D005FB5A5 /* Build configuration list for PBXProject "Tab" */ = {
			isa = XCConfigurationList;
			buildConfigurations = (
				4AA6AB0D2CBF804E005FB5A5 /* Debug */,
				4AA6AB0E2CBF804E005FB5A5 /* Release */,
			);
			defaultConfigurationIsVisible = 0;
			defaultConfigurationName = Release;
		};
		4AA6AB0F2CBF804E005FB5A5 /* Build configuration list for PBXNativeTarget "Tab" */ = {
			isa = XCConfigurationList;
			buildConfigurations = (
				4AA6AB102CBF804E005FB5A5 /* Debug */,
				4AA6AB112CBF804E005FB5A5 /* Release */,
			);
			defaultConfigurationIsVisible = 0;
			defaultConfigurationName = Release;
		};
/* End XCConfigurationList section */
	};
	rootObject = 4AA6AAF32CBF804D005FB5A5 /* Project object */;
}
