// !$*UTF8*$!
{
	archiveVersion = 1;
	classes = {
	};
	objectVersion = 56;
	objects = {

/* Begin PBXBuildFile section */
		316466892D0C769C00DA2EFB /* AppDelegate.swift in Sources */ = {isa = PBXBuildFile; fileRef = 316466882D0C769C00DA2EFB /* AppDelegate.swift */; };
		3164668B2D0C769C00DA2EFB /* SceneDelegate.swift in Sources */ = {isa = PBXBuildFile; fileRef = 3164668A2D0C769C00DA2EFB /* SceneDelegate.swift */; };
		3164668D2D0C769C00DA2EFB /* ViewController.swift in Sources */ = {isa = PBXBuildFile; fileRef = 3164668C2D0C769C00DA2EFB /* ViewController.swift */; };
		316466902D0C769C00DA2EFB /* Base in Resources */ = {isa = PBXBuildFile; fileRef = 3164668F2D0C769C00DA2EFB /* Base */; };
		316466922D0C769D00DA2EFB /* Assets.xcassets in Resources */ = {isa = PBXBuildFile; fileRef = 316466912D0C769D00DA2EFB /* Assets.xcassets */; };
		316466952D0C769D00DA2EFB /* Base in Resources */ = {isa = PBXBuildFile; fileRef = 316466942D0C769D00DA2EFB /* Base */; };
		316466A32D0C772400DA2EFB /* 03.png in Resources */ = {isa = PBXBuildFile; fileRef = 3164669D2D0C772400DA2EFB /* 03.png */; };
		316466A42D0C772400DA2EFB /* 05.png in Resources */ = {isa = PBXBuildFile; fileRef = 3164669E2D0C772400DA2EFB /* 05.png */; };
		316466A52D0C772400DA2EFB /* 06.png in Resources */ = {isa = PBXBuildFile; fileRef = 3164669F2D0C772400DA2EFB /* 06.png */; };
		316466A62D0C772400DA2EFB /* 02.png in Resources */ = {isa = PBXBuildFile; fileRef = 316466A02D0C772400DA2EFB /* 02.png */; };
		316466A72D0C772400DA2EFB /* 01.png in Resources */ = {isa = PBXBuildFile; fileRef = 316466A12D0C772400DA2EFB /* 01.png */; };
		316466A82D0C772400DA2EFB /* 04.png in Resources */ = {isa = PBXBuildFile; fileRef = 316466A22D0C772400DA2EFB /* 04.png */; };
/* End PBXBuildFile section */

/* Begin PBXFileReference section */
		316466852D0C769C00DA2EFB /* PageControl.app */ = {isa = PBXFileReference; explicitFileType = wrapper.application; includeInIndex = 0; path = PageControl.app; sourceTree = BUILT_PRODUCTS_DIR; };
		316466882D0C769C00DA2EFB /* AppDelegate.swift */ = {isa = PBXFileReference; lastKnownFileType = sourcecode.swift; path = AppDelegate.swift; sourceTree = "<group>"; };
		3164668A2D0C769C00DA2EFB /* SceneDelegate.swift */ = {isa = PBXFileReference; lastKnownFileType = sourcecode.swift; path = SceneDelegate.swift; sourceTree = "<group>"; };
		3164668C2D0C769C00DA2EFB /* ViewController.swift */ = {isa = PBXFileReference; lastKnownFileType = sourcecode.swift; path = ViewController.swift; sourceTree = "<group>"; };
		3164668F2D0C769C00DA2EFB /* Base */ = {isa = PBXFileReference; lastKnownFileType = file.storyboard; name = Base; path = Base.lproj/Main.storyboard; sourceTree = "<group>"; };
		316466912D0C769D00DA2EFB /* Assets.xcassets */ = {isa = PBXFileReference; lastKnownFileType = folder.assetcatalog; path = Assets.xcassets; sourceTree = "<group>"; };
		316466942D0C769D00DA2EFB /* Base */ = {isa = PBXFileReference; lastKnownFileType = file.storyboard; name = Base; path = Base.lproj/LaunchScreen.storyboard; sourceTree = "<group>"; };
		316466962D0C769D00DA2EFB /* Info.plist */ = {isa = PBXFileReference; lastKnownFileType = text.plist.xml; path = Info.plist; sourceTree = "<group>"; };
		3164669D2D0C772400DA2EFB /* 03.png */ = {isa = PBXFileReference; lastKnownFileType = image.png; name = 03.png; path = "../../../../../../Downloads/9장실습이미지/03.png"; sourceTree = "<group>"; };
		3164669E2D0C772400DA2EFB /* 05.png */ = {isa = PBXFileReference; lastKnownFileType = image.png; name = 05.png; path = "../../../../../../Downloads/9장실습이미지/05.png"; sourceTree = "<group>"; };
		3164669F2D0C772400DA2EFB /* 06.png */ = {isa = PBXFileReference; lastKnownFileType = image.png; name = 06.png; path = "../../../../../../Downloads/9장실습이미지/06.png"; sourceTree = "<group>"; };
		316466A02D0C772400DA2EFB /* 02.png */ = {isa = PBXFileReference; lastKnownFileType = image.png; name = 02.png; path = "../../../../../../Downloads/9장실습이미지/02.png"; sourceTree = "<group>"; };
		316466A12D0C772400DA2EFB /* 01.png */ = {isa = PBXFileReference; lastKnownFileType = image.png; name = 01.png; path = "../../../../../../Downloads/9장실습이미지/01.png"; sourceTree = "<group>"; };
		316466A22D0C772400DA2EFB /* 04.png */ = {isa = PBXFileReference; lastKnownFileType = image.png; name = 04.png; path = "../../../../../../Downloads/9장실습이미지/04.png"; sourceTree = "<group>"; };
/* End PBXFileReference section */

/* Begin PBXFrameworksBuildPhase section */
		316466822D0C769C00DA2EFB /* Frameworks */ = {
			isa = PBXFrameworksBuildPhase;
			buildActionMask = 2147483647;
			files = (
			);
			runOnlyForDeploymentPostprocessing = 0;
		};
/* End PBXFrameworksBuildPhase section */

/* Begin PBXGroup section */
		3164667C2D0C769C00DA2EFB = {
			isa = PBXGroup;
			children = (
				316466872D0C769C00DA2EFB /* PageControl */,
				316466862D0C769C00DA2EFB /* Products */,
			);
			sourceTree = "<group>";
		};
		316466862D0C769C00DA2EFB /* Products */ = {
			isa = PBXGroup;
			children = (
				316466852D0C769C00DA2EFB /* PageControl.app */,
			);
			name = Products;
			sourceTree = "<group>";
		};
		316466872D0C769C00DA2EFB /* PageControl */ = {
			isa = PBXGroup;
			children = (
				3164669C2D0C770800DA2EFB /* images */,
				316466882D0C769C00DA2EFB /* AppDelegate.swift */,
				3164668A2D0C769C00DA2EFB /* SceneDelegate.swift */,
				3164668C2D0C769C00DA2EFB /* ViewController.swift */,
				3164668E2D0C769C00DA2EFB /* Main.storyboard */,
				316466912D0C769D00DA2EFB /* Assets.xcassets */,
				316466932D0C769D00DA2EFB /* LaunchScreen.storyboard */,
				316466962D0C769D00DA2EFB /* Info.plist */,
			);
			path = PageControl;
			sourceTree = "<group>";
		};
		3164669C2D0C770800DA2EFB /* images */ = {
			isa = PBXGroup;
			children = (
				316466A12D0C772400DA2EFB /* 01.png */,
				316466A02D0C772400DA2EFB /* 02.png */,
				3164669D2D0C772400DA2EFB /* 03.png */,
				316466A22D0C772400DA2EFB /* 04.png */,
				3164669E2D0C772400DA2EFB /* 05.png */,
				3164669F2D0C772400DA2EFB /* 06.png */,
			);
			path = images;
			sourceTree = "<group>";
		};
/* End PBXGroup section */

/* Begin PBXNativeTarget section */
		316466842D0C769C00DA2EFB /* PageControl */ = {
			isa = PBXNativeTarget;
			buildConfigurationList = 316466992D0C769D00DA2EFB /* Build configuration list for PBXNativeTarget "PageControl" */;
			buildPhases = (
				316466812D0C769C00DA2EFB /* Sources */,
				316466822D0C769C00DA2EFB /* Frameworks */,
				316466832D0C769C00DA2EFB /* Resources */,
			);
			buildRules = (
			);
			dependencies = (
			);
			name = PageControl;
			productName = PageControl;
			productReference = 316466852D0C769C00DA2EFB /* PageControl.app */;
			productType = "com.apple.product-type.application";
		};
/* End PBXNativeTarget section */

/* Begin PBXProject section */
		3164667D2D0C769C00DA2EFB /* Project object */ = {
			isa = PBXProject;
			attributes = {
				BuildIndependentTargetsInParallel = 1;
				LastSwiftUpdateCheck = 1540;
				LastUpgradeCheck = 1540;
				TargetAttributes = {
					316466842D0C769C00DA2EFB = {
						CreatedOnToolsVersion = 15.4;
					};
				};
			};
			buildConfigurationList = 316466802D0C769C00DA2EFB /* Build configuration list for PBXProject "PageControl" */;
			compatibilityVersion = "Xcode 14.0";
			developmentRegion = en;
			hasScannedForEncodings = 0;
			knownRegions = (
				en,
				Base,
			);
			mainGroup = 3164667C2D0C769C00DA2EFB;
			productRefGroup = 316466862D0C769C00DA2EFB /* Products */;
			projectDirPath = "";
			projectRoot = "";
			targets = (
				316466842D0C769C00DA2EFB /* PageControl */,
			);
		};
/* End PBXProject section */

/* Begin PBXResourcesBuildPhase section */
		316466832D0C769C00DA2EFB /* Resources */ = {
			isa = PBXResourcesBuildPhase;
			buildActionMask = 2147483647;
			files = (
				316466A42D0C772400DA2EFB /* 05.png in Resources */,
				316466A52D0C772400DA2EFB /* 06.png in Resources */,
				316466A72D0C772400DA2EFB /* 01.png in Resources */,
				316466A32D0C772400DA2EFB /* 03.png in Resources */,
				316466A62D0C772400DA2EFB /* 02.png in Resources */,
				316466922D0C769D00DA2EFB /* Assets.xcassets in Resources */,
				316466A82D0C772400DA2EFB /* 04.png in Resources */,
				316466952D0C769D00DA2EFB /* Base in Resources */,
				316466902D0C769C00DA2EFB /* Base in Resources */,
			);
			runOnlyForDeploymentPostprocessing = 0;
		};
/* End PBXResourcesBuildPhase section */

/* Begin PBXSourcesBuildPhase section */
		316466812D0C769C00DA2EFB /* Sources */ = {
			isa = PBXSourcesBuildPhase;
			buildActionMask = 2147483647;
			files = (
				3164668D2D0C769C00DA2EFB /* ViewController.swift in Sources */,
				316466892D0C769C00DA2EFB /* AppDelegate.swift in Sources */,
				3164668B2D0C769C00DA2EFB /* SceneDelegate.swift in Sources */,
			);
			runOnlyForDeploymentPostprocessing = 0;
		};
/* End PBXSourcesBuildPhase section */

/* Begin PBXVariantGroup section */
		3164668E2D0C769C00DA2EFB /* Main.storyboard */ = {
			isa = PBXVariantGroup;
			children = (
				3164668F2D0C769C00DA2EFB /* Base */,
			);
			name = Main.storyboard;
			sourceTree = "<group>";
		};
		316466932D0C769D00DA2EFB /* LaunchScreen.storyboard */ = {
			isa = PBXVariantGroup;
			children = (
				316466942D0C769D00DA2EFB /* Base */,
			);
			name = LaunchScreen.storyboard;
			sourceTree = "<group>";
		};
/* End PBXVariantGroup section */

/* Begin XCBuildConfiguration section */
		316466972D0C769D00DA2EFB /* Debug */ = {
			isa = XCBuildConfiguration;
			buildSettings = {
				ALWAYS_SEARCH_USER_PATHS = NO;
				ASSETCATALOG_COMPILER_GENERATE_SWIFT_ASSET_SYMBOL_EXTENSIONS = YES;
				CLANG_ANALYZER_NONNULL = YES;
				CLANG_ANALYZER_NUMBER_OBJECT_CONVERSION = YES_AGGRESSIVE;
				CLANG_CXX_LANGUAGE_STANDARD = "gnu++20";
				CLANG_ENABLE_MODULES = YES;
				CLANG_ENABLE_OBJC_ARC = YES;
				CLANG_ENABLE_OBJC_WEAK = YES;
				CLANG_WARN_BLOCK_CAPTURE_AUTORELEASING = YES;
				CLANG_WARN_BOOL_CONVERSION = YES;
				CLANG_WARN_COMMA = YES;
				CLANG_WARN_CONSTANT_CONVERSION = YES;
				CLANG_WARN_DEPRECATED_OBJC_IMPLEMENTATIONS = YES;
				CLANG_WARN_DIRECT_OBJC_ISA_USAGE = YES_ERROR;
				CLANG_WARN_DOCUMENTATION_COMMENTS = YES;
				CLANG_WARN_EMPTY_BODY = YES;
				CLANG_WARN_ENUM_CONVERSION = YES;
				CLANG_WARN_INFINITE_RECURSION = YES;
				CLANG_WARN_INT_CONVERSION = YES;
				CLANG_WARN_NON_LITERAL_NULL_CONVERSION = YES;
				CLANG_WARN_OBJC_IMPLICIT_RETAIN_SELF = YES;
				CLANG_WARN_OBJC_LITERAL_CONVERSION = YES;
				CLANG_WARN_OBJC_ROOT_CLASS = YES_ERROR;
				CLANG_WARN_QUOTED_INCLUDE_IN_FRAMEWORK_HEADER = YES;
				CLANG_WARN_RANGE_LOOP_ANALYSIS = YES;
				CLANG_WARN_STRICT_PROTOTYPES = YES;
				CLANG_WARN_SUSPICIOUS_MOVE = YES;
				CLANG_WARN_UNGUARDED_AVAILABILITY = YES_AGGRESSIVE;
				CLANG_WARN_UNREACHABLE_CODE = YES;
				CLANG_WARN__DUPLICATE_METHOD_MATCH = YES;
				COPY_PHASE_STRIP = NO;
				DEBUG_INFORMATION_FORMAT = dwarf;
				ENABLE_STRICT_OBJC_MSGSEND = YES;
				ENABLE_TESTABILITY = YES;
				ENABLE_USER_SCRIPT_SANDBOXING = YES;
				GCC_C_LANGUAGE_STANDARD = gnu17;
				GCC_DYNAMIC_NO_PIC = NO;
				GCC_NO_COMMON_BLOCKS = YES;
				GCC_OPTIMIZATION_LEVEL = 0;
				GCC_PREPROCESSOR_DEFINITIONS = (
					"DEBUG=1",
					"$(inherited)",
				);
				GCC_WARN_64_TO_32_BIT_CONVERSION = YES;
				GCC_WARN_ABOUT_RETURN_TYPE = YES_ERROR;
				GCC_WARN_UNDECLARED_SELECTOR = YES;
				GCC_WARN_UNINITIALIZED_AUTOS = YES_AGGRESSIVE;
				GCC_WARN_UNUSED_FUNCTION = YES;
				GCC_WARN_UNUSED_VARIABLE = YES;
				IPHONEOS_DEPLOYMENT_TARGET = 17.5;
				LOCALIZATION_PREFERS_STRING_CATALOGS = YES;
				MTL_ENABLE_DEBUG_INFO = INCLUDE_SOURCE;
				MTL_FAST_MATH = YES;
				ONLY_ACTIVE_ARCH = YES;
				SDKROOT = iphoneos;
				SWIFT_ACTIVE_COMPILATION_CONDITIONS = "DEBUG $(inherited)";
				SWIFT_OPTIMIZATION_LEVEL = "-Onone";
			};
			name = Debug;
		};
		316466982D0C769D00DA2EFB /* Release */ = {
			isa = XCBuildConfiguration;
			buildSettings = {
				ALWAYS_SEARCH_USER_PATHS = NO;
				ASSETCATALOG_COMPILER_GENERATE_SWIFT_ASSET_SYMBOL_EXTENSIONS = YES;
				CLANG_ANALYZER_NONNULL = YES;
				CLANG_ANALYZER_NUMBER_OBJECT_CONVERSION = YES_AGGRESSIVE;
				CLANG_CXX_LANGUAGE_STANDARD = "gnu++20";
				CLANG_ENABLE_MODULES = YES;
				CLANG_ENABLE_OBJC_ARC = YES;
				CLANG_ENABLE_OBJC_WEAK = YES;
				CLANG_WARN_BLOCK_CAPTURE_AUTORELEASING = YES;
				CLANG_WARN_BOOL_CONVERSION = YES;
				CLANG_WARN_COMMA = YES;
				CLANG_WARN_CONSTANT_CONVERSION = YES;
				CLANG_WARN_DEPRECATED_OBJC_IMPLEMENTATIONS = YES;
				CLANG_WARN_DIRECT_OBJC_ISA_USAGE = YES_ERROR;
				CLANG_WARN_DOCUMENTATION_COMMENTS = YES;
				CLANG_WARN_EMPTY_BODY = YES;
				CLANG_WARN_ENUM_CONVERSION = YES;
				CLANG_WARN_INFINITE_RECURSION = YES;
				CLANG_WARN_INT_CONVERSION = YES;
				CLANG_WARN_NON_LITERAL_NULL_CONVERSION = YES;
				CLANG_WARN_OBJC_IMPLICIT_RETAIN_SELF = YES;
				CLANG_WARN_OBJC_LITERAL_CONVERSION = YES;
				CLANG_WARN_OBJC_ROOT_CLASS = YES_ERROR;
				CLANG_WARN_QUOTED_INCLUDE_IN_FRAMEWORK_HEADER = YES;
				CLANG_WARN_RANGE_LOOP_ANALYSIS = YES;
				CLANG_WARN_STRICT_PROTOTYPES = YES;
				CLANG_WARN_SUSPICIOUS_MOVE = YES;
				CLANG_WARN_UNGUARDED_AVAILABILITY = YES_AGGRESSIVE;
				CLANG_WARN_UNREACHABLE_CODE = YES;
				CLANG_WARN__DUPLICATE_METHOD_MATCH = YES;
				COPY_PHASE_STRIP = NO;
				DEBUG_INFORMATION_FORMAT = "dwarf-with-dsym";
				ENABLE_NS_ASSERTIONS = NO;
				ENABLE_STRICT_OBJC_MSGSEND = YES;
				ENABLE_USER_SCRIPT_SANDBOXING = YES;
				GCC_C_LANGUAGE_STANDARD = gnu17;
				GCC_NO_COMMON_BLOCKS = YES;
				GCC_WARN_64_TO_32_BIT_CONVERSION = YES;
				GCC_WARN_ABOUT_RETURN_TYPE = YES_ERROR;
				GCC_WARN_UNDECLARED_SELECTOR = YES;
				GCC_WARN_UNINITIALIZED_AUTOS = YES_AGGRESSIVE;
				GCC_WARN_UNUSED_FUNCTION = YES;
				GCC_WARN_UNUSED_VARIABLE = YES;
				IPHONEOS_DEPLOYMENT_TARGET = 17.5;
				LOCALIZATION_PREFERS_STRING_CATALOGS = YES;
				MTL_ENABLE_DEBUG_INFO = NO;
				MTL_FAST_MATH = YES;
				SDKROOT = iphoneos;
				SWIFT_COMPILATION_MODE = wholemodule;
				VALIDATE_PRODUCT = YES;
			};
			name = Release;
		};
		3164669A2D0C769D00DA2EFB /* Debug */ = {
			isa = XCBuildConfiguration;
			buildSettings = {
				ASSETCATALOG_COMPILER_APPICON_NAME = AppIcon;
				ASSETCATALOG_COMPILER_GLOBAL_ACCENT_COLOR_NAME = AccentColor;
				CODE_SIGN_STYLE = Automatic;
				CURRENT_PROJECT_VERSION = 1;
				GENERATE_INFOPLIST_FILE = YES;
				INFOPLIST_FILE = PageControl/Info.plist;
				INFOPLIST_KEY_UIApplicationSupportsIndirectInputEvents = YES;
				INFOPLIST_KEY_UILaunchStoryboardName = LaunchScreen;
				INFOPLIST_KEY_UIMainStoryboardFile = Main;
				INFOPLIST_KEY_UISupportedInterfaceOrientations_iPad = "UIInterfaceOrientationPortrait UIInterfaceOrientationPortraitUpsideDown UIInterfaceOrientationLandscapeLeft UIInterfaceOrientationLandscapeRight";
				INFOPLIST_KEY_UISupportedInterfaceOrientations_iPhone = "UIInterfaceOrientationPortrait UIInterfaceOrientationLandscapeLeft UIInterfaceOrientationLandscapeRight";
				LD_RUNPATH_SEARCH_PATHS = (
					"$(inherited)",
					"@executable_path/Frameworks",
				);
				MARKETING_VERSION = 1.0;
				PRODUCT_BUNDLE_IDENTIFIER = dongduk.ios.PageControl;
				PRODUCT_NAME = "$(TARGET_NAME)";
				SWIFT_EMIT_LOC_STRINGS = YES;
				SWIFT_VERSION = 5.0;
				TARGETED_DEVICE_FAMILY = "1,2";
			};
			name = Debug;
		};
		3164669B2D0C769D00DA2EFB /* Release */ = {
			isa = XCBuildConfiguration;
			buildSettings = {
				ASSETCATALOG_COMPILER_APPICON_NAME = AppIcon;
				ASSETCATALOG_COMPILER_GLOBAL_ACCENT_COLOR_NAME = AccentColor;
				CODE_SIGN_STYLE = Automatic;
				CURRENT_PROJECT_VERSION = 1;
				GENERATE_INFOPLIST_FILE = YES;
				INFOPLIST_FILE = PageControl/Info.plist;
				INFOPLIST_KEY_UIApplicationSupportsIndirectInputEvents = YES;
				INFOPLIST_KEY_UILaunchStoryboardName = LaunchScreen;
				INFOPLIST_KEY_UIMainStoryboardFile = Main;
				INFOPLIST_KEY_UISupportedInterfaceOrientations_iPad = "UIInterfaceOrientationPortrait UIInterfaceOrientationPortraitUpsideDown UIInterfaceOrientationLandscapeLeft UIInterfaceOrientationLandscapeRight";
				INFOPLIST_KEY_UISupportedInterfaceOrientations_iPhone = "UIInterfaceOrientationPortrait UIInterfaceOrientationLandscapeLeft UIInterfaceOrientationLandscapeRight";
				LD_RUNPATH_SEARCH_PATHS = (
					"$(inherited)",
					"@executable_path/Frameworks",
				);
				MARKETING_VERSION = 1.0;
				PRODUCT_BUNDLE_IDENTIFIER = dongduk.ios.PageControl;
				PRODUCT_NAME = "$(TARGET_NAME)";
				SWIFT_EMIT_LOC_STRINGS = YES;
				SWIFT_VERSION = 5.0;
				TARGETED_DEVICE_FAMILY = "1,2";
			};
			name = Release;
		};
/* End XCBuildConfiguration section */

/* Begin XCConfigurationList section */
		316466802D0C769C00DA2EFB /* Build configuration list for PBXProject "PageControl" */ = {
			isa = XCConfigurationList;
			buildConfigurations = (
				316466972D0C769D00DA2EFB /* Debug */,
				316466982D0C769D00DA2EFB /* Release */,
			);
			defaultConfigurationIsVisible = 0;
			defaultConfigurationName = Release;
		};
		316466992D0C769D00DA2EFB /* Build configuration list for PBXNativeTarget "PageControl" */ = {
			isa = XCConfigurationList;
			buildConfigurations = (
				3164669A2D0C769D00DA2EFB /* Debug */,
				3164669B2D0C769D00DA2EFB /* Release */,
			);
			defaultConfigurationIsVisible = 0;
			defaultConfigurationName = Release;
		};
/* End XCConfigurationList section */
	};
	rootObject = 3164667D2D0C769C00DA2EFB /* Project object */;
}
